
Microsoft Visual Studio Solution File, Format Version 12.00
# Visual Studio 2013
VisualStudioVersion = 12.0.40629.0
MinimumVisualStudioVersion = 10.0.40219.1
Project("{FAE04EC0-301F-11D3-BF4B-00C04F79EFBC}") = "TM.Shared", "src\TM.Shared\TM.Shared.csproj", "{F5ED8F37-9C48-455E-A523-175F9A2C9755}"
EndProject
Project("{2150E333-8FDC-42A3-9474-1A3956D46DE8}") = "src", "src", "{4E69C6A1-0C82-4572-AA36-37FC331D0A4C}"
EndProject
Project("{2150E333-8FDC-42A3-9474-1A3956D46DE8}") = "tests", "tests", "{0F30513E-074F-4E37-B813-D2B7BA5E731F}"
EndProject
Project("{2150E333-8FDC-42A3-9474-1A3956D46DE8}") = "assets", "assets", "{BAA25168-E2C9-4FED-B087-392A9CC4DDCA}"
	ProjectSection(SolutionItems) = preProject
		.gitignore = .gitignore
		CodeCoverage.runsettings = CodeCoverage.runsettings
		License.md = License.md
		Readme.md = Readme.md
	EndProjectSection
EndProject
Project("{2150E333-8FDC-42A3-9474-1A3956D46DE8}") = ".nuget", ".nuget", "{D4D1E88F-8214-4CAC-8EB1-87527B6EA87C}"
	ProjectSection(SolutionItems) = preProject
		.nuget\NuGet.Config = .nuget\NuGet.Config
		.nuget\NuGet.exe = .nuget\NuGet.exe
		.nuget\NuGet.targets = .nuget\NuGet.targets
	EndProjectSection
EndProject
Project("{FAE04EC0-301F-11D3-BF4B-00C04F79EFBC}") = "TM.Data", "src\TM.Data\TM.Data.csproj", "{A7DCC904-181B-4A12-8289-96D5B14201C9}"
EndProject
Project("{FAE04EC0-301F-11D3-BF4B-00C04F79EFBC}") = "TM.Data.Parse", "src\TM.Data.Parse\TM.Data.Parse.csproj", "{F4B02EA0-45B5-4CEE-988A-1E800C808A96}"
EndProject
Project("{FAE04EC0-301F-11D3-BF4B-00C04F79EFBC}") = "TM.Data.Pluralsight", "src\TM.Data.Pluralsight\TM.Data.Pluralsight.csproj", "{3C3F8E2B-DEB6-488D-B4E5-0B528512653C}"
EndProject
Project("{FAE04EC0-301F-11D3-BF4B-00C04F79EFBC}") = "TM.Data.Update", "src\TM.Data.Update\TM.Data.Update.csproj", "{5F3B6EF5-A1D6-44DF-AD65-0A72CA601220}"
EndProject
Project("{FAE04EC0-301F-11D3-BF4B-00C04F79EFBC}") = "TM.UI.MVC", "src\TM.UI.MVC\TM.UI.MVC.csproj", "{C299DAC9-7E5D-4384-8F54-3C55156E597B}"
EndProject
Project("{FAE04EC0-301F-11D3-BF4B-00C04F79EFBC}") = "Temp", "tests\Temp\Temp.csproj", "{5E12376D-D041-4D32-86DA-DA22BA48CE76}"
EndProject
Project("{FAE04EC0-301F-11D3-BF4B-00C04F79EFBC}") = "TestsHelpers", "tests\TestsHelpers\TestsHelpers.csproj", "{8142D421-B59C-479C-8922-7AB05CB373F5}"
EndProject
Project("{FAE04EC0-301F-11D3-BF4B-00C04F79EFBC}") = "TM.Data.IntegrationTests", "tests\TM.Data.IntegrationTests\TM.Data.IntegrationTests.csproj", "{ABB9E9B8-8DC9-4060-9517-565B1D120297}"
EndProject
Project("{FAE04EC0-301F-11D3-BF4B-00C04F79EFBC}") = "TM.Data.Pluralsight.IntegrationTests", "tests\TM.Data.Pluralsight.IntegrationTests\TM.Data.Pluralsight.IntegrationTests.csproj", "{4817B7B0-C20B-4FF1-9746-CF7D1AB0E923}"
EndProject
Project("{FAE04EC0-301F-11D3-BF4B-00C04F79EFBC}") = "TM.Data.Pluralsight.UnitTests", "tests\TM.Data.Pluralsight.UnitTests\TM.Data.Pluralsight.UnitTests.csproj", "{9FA1590A-6DBB-408A-93EF-E4F955B3F412}"
EndProject
Project("{FAE04EC0-301F-11D3-BF4B-00C04F79EFBC}") = "TM.Data.UnitTests", "tests\TM.Data.UnitTests\TM.Data.UnitTests.csproj", "{E06FBD6A-873A-482A-9E12-5DB2A98DF0C6}"
EndProject
Project("{FAE04EC0-301F-11D3-BF4B-00C04F79EFBC}") = "TM.Data.Update.IntegrationTests", "tests\TM.Data.Update.IntegrationTests\TM.Data.Update.IntegrationTests.csproj", "{60BB6AAB-F0DC-4D87-B13E-D4BB49D469C5}"
EndProject
Project("{FAE04EC0-301F-11D3-BF4B-00C04F79EFBC}") = "TM.Data.Update.UnitTests", "tests\TM.Data.Update.UnitTests\TM.Data.Update.UnitTests.csproj", "{3016252B-E966-467F-845F-0890C178AEA2}"
EndProject
Project("{FAE04EC0-301F-11D3-BF4B-00C04F79EFBC}") = "TM.Shared.UnitTests", "tests\TM.Shared.UnitTests\TM.Shared.UnitTests.csproj", "{B294C3A5-4D44-449A-B8AD-FC95E131F4E3}"
EndProject
Project("{FAE04EC0-301F-11D3-BF4B-00C04F79EFBC}") = "TM.UI.MVC.UnitTests", "tests\TM.UI.MVC.UnitTests\TM.UI.MVC.UnitTests.csproj", "{E500C107-5F84-41E2-B722-207DB2D697E4}"
EndProject
Project("{2150E333-8FDC-42A3-9474-1A3956D46DE8}") = "db", "db", "{144F50B1-3EB5-426D-B133-683A949647F5}"
	ProjectSection(SolutionItems) = preProject
		db\TrainingManagerDb_18.08.2015.dacpac = db\TrainingManagerDb_18.08.2015.dacpac
	EndProjectSection
EndProject
Global
	GlobalSection(SolutionConfigurationPlatforms) = preSolution
		Debug|Any CPU = Debug|Any CPU
		Release|Any CPU = Release|Any CPU
	EndGlobalSection
	GlobalSection(ProjectConfigurationPlatforms) = postSolution
		{F5ED8F37-9C48-455E-A523-175F9A2C9755}.Debug|Any CPU.ActiveCfg = Debug|Any CPU
		{F5ED8F37-9C48-455E-A523-175F9A2C9755}.Debug|Any CPU.Build.0 = Debug|Any CPU
		{F5ED8F37-9C48-455E-A523-175F9A2C9755}.Release|Any CPU.ActiveCfg = Release|Any CPU
		{F5ED8F37-9C48-455E-A523-175F9A2C9755}.Release|Any CPU.Build.0 = Release|Any CPU
		{A7DCC904-181B-4A12-8289-96D5B14201C9}.Debug|Any CPU.ActiveCfg = Debug|Any CPU
		{A7DCC904-181B-4A12-8289-96D5B14201C9}.Debug|Any CPU.Build.0 = Debug|Any CPU
		{A7DCC904-181B-4A12-8289-96D5B14201C9}.Release|Any CPU.ActiveCfg = Release|Any CPU
		{A7DCC904-181B-4A12-8289-96D5B14201C9}.Release|Any CPU.Build.0 = Release|Any CPU
		{F4B02EA0-45B5-4CEE-988A-1E800C808A96}.Debug|Any CPU.ActiveCfg = Debug|Any CPU
		{F4B02EA0-45B5-4CEE-988A-1E800C808A96}.Debug|Any CPU.Build.0 = Debug|Any CPU
		{F4B02EA0-45B5-4CEE-988A-1E800C808A96}.Release|Any CPU.ActiveCfg = Release|Any CPU
		{F4B02EA0-45B5-4CEE-988A-1E800C808A96}.Release|Any CPU.Build.0 = Release|Any CPU
		{3C3F8E2B-DEB6-488D-B4E5-0B528512653C}.Debug|Any CPU.ActiveCfg = Debug|Any CPU
		{3C3F8E2B-DEB6-488D-B4E5-0B528512653C}.Debug|Any CPU.Build.0 = Debug|Any CPU
		{3C3F8E2B-DEB6-488D-B4E5-0B528512653C}.Release|Any CPU.ActiveCfg = Release|Any CPU
		{3C3F8E2B-DEB6-488D-B4E5-0B528512653C}.Release|Any CPU.Build.0 = Release|Any CPU
		{5F3B6EF5-A1D6-44DF-AD65-0A72CA601220}.Debug|Any CPU.ActiveCfg = Debug|Any CPU
		{5F3B6EF5-A1D6-44DF-AD65-0A72CA601220}.Debug|Any CPU.Build.0 = Debug|Any CPU
		{5F3B6EF5-A1D6-44DF-AD65-0A72CA601220}.Release|Any CPU.ActiveCfg = Release|Any CPU
		{5F3B6EF5-A1D6-44DF-AD65-0A72CA601220}.Release|Any CPU.Build.0 = Release|Any CPU
		{C299DAC9-7E5D-4384-8F54-3C55156E597B}.Debug|Any CPU.ActiveCfg = Debug|Any CPU
		{C299DAC9-7E5D-4384-8F54-3C55156E597B}.Debug|Any CPU.Build.0 = Debug|Any CPU
		{C299DAC9-7E5D-4384-8F54-3C55156E597B}.Release|Any CPU.ActiveCfg = Release|Any CPU
		{C299DAC9-7E5D-4384-8F54-3C55156E597B}.Release|Any CPU.Build.0 = Release|Any CPU
		{5E12376D-D041-4D32-86DA-DA22BA48CE76}.Debug|Any CPU.ActiveCfg = Debug|Any CPU
		{5E12376D-D041-4D32-86DA-DA22BA48CE76}.Debug|Any CPU.Build.0 = Debug|Any CPU
		{5E12376D-D041-4D32-86DA-DA22BA48CE76}.Release|Any CPU.ActiveCfg = Release|Any CPU
		{5E12376D-D041-4D32-86DA-DA22BA48CE76}.Release|Any CPU.Build.0 = Release|Any CPU
		{8142D421-B59C-479C-8922-7AB05CB373F5}.Debug|Any CPU.ActiveCfg = Debug|Any CPU
		{8142D421-B59C-479C-8922-7AB05CB373F5}.Debug|Any CPU.Build.0 = Debug|Any CPU
		{8142D421-B59C-479C-8922-7AB05CB373F5}.Release|Any CPU.ActiveCfg = Release|Any CPU
		{8142D421-B59C-479C-8922-7AB05CB373F5}.Release|Any CPU.Build.0 = Release|Any CPU
		{ABB9E9B8-8DC9-4060-9517-565B1D120297}.Debug|Any CPU.ActiveCfg = Debug|Any CPU
		{ABB9E9B8-8DC9-4060-9517-565B1D120297}.Debug|Any CPU.Build.0 = Debug|Any CPU
		{ABB9E9B8-8DC9-4060-9517-565B1D120297}.Release|Any CPU.ActiveCfg = Release|Any CPU
		{ABB9E9B8-8DC9-4060-9517-565B1D120297}.Release|Any CPU.Build.0 = Release|Any CPU
		{4817B7B0-C20B-4FF1-9746-CF7D1AB0E923}.Debug|Any CPU.ActiveCfg = Debug|Any CPU
		{4817B7B0-C20B-4FF1-9746-CF7D1AB0E923}.Debug|Any CPU.Build.0 = Debug|Any CPU
		{4817B7B0-C20B-4FF1-9746-CF7D1AB0E923}.Release|Any CPU.ActiveCfg = Release|Any CPU
		{4817B7B0-C20B-4FF1-9746-CF7D1AB0E923}.Release|Any CPU.Build.0 = Release|Any CPU
		{9FA1590A-6DBB-408A-93EF-E4F955B3F412}.Debug|Any CPU.ActiveCfg = Debug|Any CPU
		{9FA1590A-6DBB-408A-93EF-E4F955B3F412}.Debug|Any CPU.Build.0 = Debug|Any CPU
		{9FA1590A-6DBB-408A-93EF-E4F955B3F412}.Release|Any CPU.ActiveCfg = Release|Any CPU
		{9FA1590A-6DBB-408A-93EF-E4F955B3F412}.Release|Any CPU.Build.0 = Release|Any CPU
		{E06FBD6A-873A-482A-9E12-5DB2A98DF0C6}.Debug|Any CPU.ActiveCfg = Debug|Any CPU
		{E06FBD6A-873A-482A-9E12-5DB2A98DF0C6}.Debug|Any CPU.Build.0 = Debug|Any CPU
		{E06FBD6A-873A-482A-9E12-5DB2A98DF0C6}.Release|Any CPU.ActiveCfg = Release|Any CPU
		{E06FBD6A-873A-482A-9E12-5DB2A98DF0C6}.Release|Any CPU.Build.0 = Release|Any CPU
		{60BB6AAB-F0DC-4D87-B13E-D4BB49D469C5}.Debug|Any CPU.ActiveCfg = Debug|Any CPU
		{60BB6AAB-F0DC-4D87-B13E-D4BB49D469C5}.Debug|Any CPU.Build.0 = Debug|Any CPU
		{60BB6AAB-F0DC-4D87-B13E-D4BB49D469C5}.Release|Any CPU.ActiveCfg = Release|Any CPU
		{60BB6AAB-F0DC-4D87-B13E-D4BB49D469C5}.Release|Any CPU.Build.0 = Release|Any CPU
		{3016252B-E966-467F-845F-0890C178AEA2}.Debug|Any CPU.ActiveCfg = Debug|Any CPU
		{3016252B-E966-467F-845F-0890C178AEA2}.Debug|Any CPU.Build.0 = Debug|Any CPU
		{3016252B-E966-467F-845F-0890C178AEA2}.Release|Any CPU.ActiveCfg = Release|Any CPU
		{3016252B-E966-467F-845F-0890C178AEA2}.Release|Any CPU.Build.0 = Release|Any CPU
		{B294C3A5-4D44-449A-B8AD-FC95E131F4E3}.Debug|Any CPU.ActiveCfg = Debug|Any CPU
		{B294C3A5-4D44-449A-B8AD-FC95E131F4E3}.Debug|Any CPU.Build.0 = Debug|Any CPU
		{B294C3A5-4D44-449A-B8AD-FC95E131F4E3}.Release|Any CPU.ActiveCfg = Release|Any CPU
		{B294C3A5-4D44-449A-B8AD-FC95E131F4E3}.Release|Any CPU.Build.0 = Release|Any CPU
		{E500C107-5F84-41E2-B722-207DB2D697E4}.Debug|Any CPU.ActiveCfg = Debug|Any CPU
		{E500C107-5F84-41E2-B722-207DB2D697E4}.Debug|Any CPU.Build.0 = Debug|Any CPU
		{E500C107-5F84-41E2-B722-207DB2D697E4}.Release|Any CPU.ActiveCfg = Release|Any CPU
		{E500C107-5F84-41E2-B722-207DB2D697E4}.Release|Any CPU.Build.0 = Release|Any CPU
	EndGlobalSection
	GlobalSection(SolutionProperties) = preSolution
		HideSolutionNode = FALSE
	EndGlobalSection
	GlobalSection(NestedProjects) = preSolution
		{F5ED8F37-9C48-455E-A523-175F9A2C9755} = {4E69C6A1-0C82-4572-AA36-37FC331D0A4C}
		{A7DCC904-181B-4A12-8289-96D5B14201C9} = {4E69C6A1-0C82-4572-AA36-37FC331D0A4C}
		{F4B02EA0-45B5-4CEE-988A-1E800C808A96} = {4E69C6A1-0C82-4572-AA36-37FC331D0A4C}
		{3C3F8E2B-DEB6-488D-B4E5-0B528512653C} = {4E69C6A1-0C82-4572-AA36-37FC331D0A4C}
		{5F3B6EF5-A1D6-44DF-AD65-0A72CA601220} = {4E69C6A1-0C82-4572-AA36-37FC331D0A4C}
		{C299DAC9-7E5D-4384-8F54-3C55156E597B} = {4E69C6A1-0C82-4572-AA36-37FC331D0A4C}
		{5E12376D-D041-4D32-86DA-DA22BA48CE76} = {0F30513E-074F-4E37-B813-D2B7BA5E731F}
		{8142D421-B59C-479C-8922-7AB05CB373F5} = {0F30513E-074F-4E37-B813-D2B7BA5E731F}
		{ABB9E9B8-8DC9-4060-9517-565B1D120297} = {0F30513E-074F-4E37-B813-D2B7BA5E731F}
		{4817B7B0-C20B-4FF1-9746-CF7D1AB0E923} = {0F30513E-074F-4E37-B813-D2B7BA5E731F}
		{9FA1590A-6DBB-408A-93EF-E4F955B3F412} = {0F30513E-074F-4E37-B813-D2B7BA5E731F}
		{E06FBD6A-873A-482A-9E12-5DB2A98DF0C6} = {0F30513E-074F-4E37-B813-D2B7BA5E731F}
		{60BB6AAB-F0DC-4D87-B13E-D4BB49D469C5} = {0F30513E-074F-4E37-B813-D2B7BA5E731F}
		{3016252B-E966-467F-845F-0890C178AEA2} = {0F30513E-074F-4E37-B813-D2B7BA5E731F}
		{B294C3A5-4D44-449A-B8AD-FC95E131F4E3} = {0F30513E-074F-4E37-B813-D2B7BA5E731F}
		{E500C107-5F84-41E2-B722-207DB2D697E4} = {0F30513E-074F-4E37-B813-D2B7BA5E731F}
	EndGlobalSection
EndGlobal
